
Microsoft Visual Studio Solution File, Format Version 12.00
# Visual Studio 14
VisualStudioVersion = 14.0.25420.1
MinimumVisualStudioVersion = 10.0.40219.1
Project("{2150E333-8FDC-42A3-9474-1A3956D46DE8}") = "Tests", "Tests", "{CF7B3000-46FE-4ED5-BE52-E01312BE8BC2}"
EndProject
Project("{FAE04EC0-301F-11D3-BF4B-00C04F79EFBC}") = "ServicesIntegrationTestSuite", "TestSuites\ServicesIntegrationTestSuite\ServicesIntegrationTestSuite.csproj", "{F6060145-D469-4C54-8251-45B543AB877E}"
EndProject
Project("{2150E333-8FDC-42A3-9474-1A3956D46DE8}") = "Apps", "Apps", "{6F866480-E89D-4599-ACB5-56742F445DB3}"
EndProject
Project("{2150E333-8FDC-42A3-9474-1A3956D46DE8}") = "Components", "Components", "{28B1E71E-ADF1-4E61-B5B5-323EFE0649F6}"
EndProject
Project("{FAE04EC0-301F-11D3-BF4B-00C04F79EFBC}") = "WPF.App", "Apps\WPF.App\WPF.App.csproj", "{D0BDDF80-C350-433A-9688-B037253625B7}"
EndProject
Project("{2150E333-8FDC-42A3-9474-1A3956D46DE8}") = "Products", "Products", "{6F4A61D1-A2EA-4001-9004-41A996BAB237}"
EndProject
Project("{2150E333-8FDC-42A3-9474-1A3956D46DE8}") = "Common", "Common", "{54C98322-7D1B-4EF7-81E9-68D8906E5849}"
EndProject
Project("{2150E333-8FDC-42A3-9474-1A3956D46DE8}") = "Customers", "Customers", "{25B91A53-9E1A-4F53-B2A2-A58518BB0AC6}"
EndProject
Project("{FAE04EC0-301F-11D3-BF4B-00C04F79EFBC}") = "ProductsService", "Components\Products\ProductsService\ProductsService.csproj", "{7018E3E1-3753-4F19-9EAF-26814013971D}"
EndProject
Project("{FAE04EC0-301F-11D3-BF4B-00C04F79EFBC}") = "ProductsServiceClient", "Components\Products\ProductsClient\ProductsServiceClient.csproj", "{C5D331EF-EFF5-4F1A-BF17-D3DA2A29CC21}"
EndProject
Project("{FAE04EC0-301F-11D3-BF4B-00C04F79EFBC}") = "CustomersService", "Components\Customers\CustomersService\CustomersService.csproj", "{CC9498A0-0C45-492A-97F9-7C27C9DBB6BC}"
EndProject
Project("{FAE04EC0-301F-11D3-BF4B-00C04F79EFBC}") = "ServiceCommon", "Components\Common\ServiceCommon\ServiceCommon.csproj", "{F1F30DD3-CCF8-4966-B8CE-3102C293B3E4}"
EndProject
Project("{2150E333-8FDC-42A3-9474-1A3956D46DE8}") = "Protocol", "Protocol", "{E416FE88-6EC8-4D6D-8C9D-C6073A254446}"
	ProjectSection(SolutionItems) = preProject
		Components\Products\Protocol\Product.proto = Components\Products\Protocol\Product.proto
	EndProjectSection
EndProject
Project("{FAE04EC0-301F-11D3-BF4B-00C04F79EFBC}") = "TestTools", "Components\Common\TestTools\TestTools.csproj", "{1B5FE866-B77F-477B-AA2D-93EACC28AFFD}"
EndProject
Project("{FAE04EC0-301F-11D3-BF4B-00C04F79EFBC}") = "ClientCommon", "ClientCommon\ClientCommon.csproj", "{6929DA04-BC22-487D-A38B-3B2BD9989DC1}"
EndProject
Project("{FAE04EC0-301F-11D3-BF4B-00C04F79EFBC}") = "Common", "Common\Common.csproj", "{08CF5D49-4132-46EB-B730-D25D563B02FB}"
EndProject
Project("{FAE04EC0-301F-11D3-BF4B-00C04F79EFBC}") = "ServiceClientsIntergrationTestSuite", "TestSuites\ServiceClientsIntergrationTestSuite\ServiceClientsIntergrationTestSuite.csproj", "{7C37824A-46BD-40BD-AC6B-51B20D30538B}"
EndProject
Global
	GlobalSection(SolutionConfigurationPlatforms) = preSolution
		Debug|Any CPU = Debug|Any CPU
		Release|Any CPU = Release|Any CPU
	EndGlobalSection
	GlobalSection(ProjectConfigurationPlatforms) = postSolution
		{F6060145-D469-4C54-8251-45B543AB877E}.Debug|Any CPU.ActiveCfg = Debug|Any CPU
		{F6060145-D469-4C54-8251-45B543AB877E}.Debug|Any CPU.Build.0 = Debug|Any CPU
		{F6060145-D469-4C54-8251-45B543AB877E}.Release|Any CPU.ActiveCfg = Release|Any CPU
		{F6060145-D469-4C54-8251-45B543AB877E}.Release|Any CPU.Build.0 = Release|Any CPU
		{D0BDDF80-C350-433A-9688-B037253625B7}.Debug|Any CPU.ActiveCfg = Debug|Any CPU
		{D0BDDF80-C350-433A-9688-B037253625B7}.Debug|Any CPU.Build.0 = Debug|Any CPU
		{D0BDDF80-C350-433A-9688-B037253625B7}.Release|Any CPU.ActiveCfg = Release|Any CPU
		{D0BDDF80-C350-433A-9688-B037253625B7}.Release|Any CPU.Build.0 = Release|Any CPU
		{7018E3E1-3753-4F19-9EAF-26814013971D}.Debug|Any CPU.ActiveCfg = Debug|Any CPU
		{7018E3E1-3753-4F19-9EAF-26814013971D}.Debug|Any CPU.Build.0 = Debug|Any CPU
		{7018E3E1-3753-4F19-9EAF-26814013971D}.Release|Any CPU.ActiveCfg = Release|Any CPU
		{7018E3E1-3753-4F19-9EAF-26814013971D}.Release|Any CPU.Build.0 = Release|Any CPU
		{C5D331EF-EFF5-4F1A-BF17-D3DA2A29CC21}.Debug|Any CPU.ActiveCfg = Debug|Any CPU
		{C5D331EF-EFF5-4F1A-BF17-D3DA2A29CC21}.Debug|Any CPU.Build.0 = Debug|Any CPU
		{C5D331EF-EFF5-4F1A-BF17-D3DA2A29CC21}.Release|Any CPU.ActiveCfg = Release|Any CPU
		{C5D331EF-EFF5-4F1A-BF17-D3DA2A29CC21}.Release|Any CPU.Build.0 = Release|Any CPU
		{CC9498A0-0C45-492A-97F9-7C27C9DBB6BC}.Debug|Any CPU.ActiveCfg = Debug|Any CPU
		{CC9498A0-0C45-492A-97F9-7C27C9DBB6BC}.Debug|Any CPU.Build.0 = Debug|Any CPU
		{CC9498A0-0C45-492A-97F9-7C27C9DBB6BC}.Release|Any CPU.ActiveCfg = Release|Any CPU
		{CC9498A0-0C45-492A-97F9-7C27C9DBB6BC}.Release|Any CPU.Build.0 = Release|Any CPU
		{F1F30DD3-CCF8-4966-B8CE-3102C293B3E4}.Debug|Any CPU.ActiveCfg = Debug|Any CPU
		{F1F30DD3-CCF8-4966-B8CE-3102C293B3E4}.Debug|Any CPU.Build.0 = Debug|Any CPU
		{F1F30DD3-CCF8-4966-B8CE-3102C293B3E4}.Release|Any CPU.ActiveCfg = Release|Any CPU
		{F1F30DD3-CCF8-4966-B8CE-3102C293B3E4}.Release|Any CPU.Build.0 = Release|Any CPU
		{1B5FE866-B77F-477B-AA2D-93EACC28AFFD}.Debug|Any CPU.ActiveCfg = Debug|Any CPU
		{1B5FE866-B77F-477B-AA2D-93EACC28AFFD}.Debug|Any CPU.Build.0 = Debug|Any CPU
		{1B5FE866-B77F-477B-AA2D-93EACC28AFFD}.Release|Any CPU.ActiveCfg = Release|Any CPU
		{1B5FE866-B77F-477B-AA2D-93EACC28AFFD}.Release|Any CPU.Build.0 = Release|Any CPU
		{6929DA04-BC22-487D-A38B-3B2BD9989DC1}.Debug|Any CPU.ActiveCfg = Debug|Any CPU
		{6929DA04-BC22-487D-A38B-3B2BD9989DC1}.Debug|Any CPU.Build.0 = Debug|Any CPU
		{6929DA04-BC22-487D-A38B-3B2BD9989DC1}.Release|Any CPU.ActiveCfg = Release|Any CPU
		{6929DA04-BC22-487D-A38B-3B2BD9989DC1}.Release|Any CPU.Build.0 = Release|Any CPU
		{08CF5D49-4132-46EB-B730-D25D563B02FB}.Debug|Any CPU.ActiveCfg = Debug|Any CPU
		{08CF5D49-4132-46EB-B730-D25D563B02FB}.Debug|Any CPU.Build.0 = Debug|Any CPU
		{08CF5D49-4132-46EB-B730-D25D563B02FB}.Release|Any CPU.ActiveCfg = Release|Any CPU
		{08CF5D49-4132-46EB-B730-D25D563B02FB}.Release|Any CPU.Build.0 = Release|Any CPU
		{7C37824A-46BD-40BD-AC6B-51B20D30538B}.Debug|Any CPU.ActiveCfg = Debug|Any CPU
		{7C37824A-46BD-40BD-AC6B-51B20D30538B}.Debug|Any CPU.Build.0 = Debug|Any CPU
		{7C37824A-46BD-40BD-AC6B-51B20D30538B}.Release|Any CPU.ActiveCfg = Release|Any CPU
		{7C37824A-46BD-40BD-AC6B-51B20D30538B}.Release|Any CPU.Build.0 = Release|Any CPU
	EndGlobalSection
	GlobalSection(SolutionProperties) = preSolution
		HideSolutionNode = FALSE
	EndGlobalSection
	GlobalSection(NestedProjects) = preSolution
		{F6060145-D469-4C54-8251-45B543AB877E} = {CF7B3000-46FE-4ED5-BE52-E01312BE8BC2}
		{D0BDDF80-C350-433A-9688-B037253625B7} = {6F866480-E89D-4599-ACB5-56742F445DB3}
		{6F4A61D1-A2EA-4001-9004-41A996BAB237} = {28B1E71E-ADF1-4E61-B5B5-323EFE0649F6}
		{54C98322-7D1B-4EF7-81E9-68D8906E5849} = {28B1E71E-ADF1-4E61-B5B5-323EFE0649F6}
		{25B91A53-9E1A-4F53-B2A2-A58518BB0AC6} = {28B1E71E-ADF1-4E61-B5B5-323EFE0649F6}
		{7018E3E1-3753-4F19-9EAF-26814013971D} = {6F4A61D1-A2EA-4001-9004-41A996BAB237}
		{C5D331EF-EFF5-4F1A-BF17-D3DA2A29CC21} = {6F4A61D1-A2EA-4001-9004-41A996BAB237}
		{CC9498A0-0C45-492A-97F9-7C27C9DBB6BC} = {25B91A53-9E1A-4F53-B2A2-A58518BB0AC6}
		{F1F30DD3-CCF8-4966-B8CE-3102C293B3E4} = {54C98322-7D1B-4EF7-81E9-68D8906E5849}
		{E416FE88-6EC8-4D6D-8C9D-C6073A254446} = {6F4A61D1-A2EA-4001-9004-41A996BAB237}
		{1B5FE866-B77F-477B-AA2D-93EACC28AFFD} = {CF7B3000-46FE-4ED5-BE52-E01312BE8BC2}
		{6929DA04-BC22-487D-A38B-3B2BD9989DC1} = {54C98322-7D1B-4EF7-81E9-68D8906E5849}
		{08CF5D49-4132-46EB-B730-D25D563B02FB} = {54C98322-7D1B-4EF7-81E9-68D8906E5849}
		{7C37824A-46BD-40BD-AC6B-51B20D30538B} = {CF7B3000-46FE-4ED5-BE52-E01312BE8BC2}
	EndGlobalSection
EndGlobal
